
Microsoft Visual Studio Solution File, Format Version 12.00
# Visual Studio 15
VisualStudioVersion = 15.0.27428.2043
MinimumVisualStudioVersion = 10.0.40219.1
Project("{FAE04EC0-301F-11D3-BF4B-00C04F79EFBC}") = "CodeMxBlogs", "CodeMxBlogs\CodeMxBlogs.csproj", "{69518E13-1948-4E20-AC12-674AFBC4714E}"
EndProject
Global
	GlobalSection(SolutionConfigurationPlatforms) = preSolution
		Debug|Any CPU = Debug|Any CPU
		Release|Any CPU = Release|Any CPU
	EndGlobalSection
	GlobalSection(ProjectConfigurationPlatforms) = postSolution
		{69518E13-1948-4E20-AC12-674AFBC4714E}.Debug|Any CPU.ActiveCfg = Debug|Any CPU
		{69518E13-1948-4E20-AC12-674AFBC4714E}.Debug|Any CPU.Build.0 = Debug|Any CPU
		{69518E13-1948-4E20-AC12-674AFBC4714E}.Release|Any CPU.ActiveCfg = Release|Any CPU
		{69518E13-1948-4E20-AC12-674AFBC4714E}.Release|Any CPU.Build.0 = Release|Any CPU
	EndGlobalSection
	GlobalSection(SolutionProperties) = preSolution
		HideSolutionNode = FALSE
	EndGlobalSection
	GlobalSection(ExtensibilityGlobals) = postSolution
		SolutionGuid = {BA75D7CD-DE21-4809-B85E-6288FD9EB8DE}
	EndGlobalSection
EndGlobal
